// !$*UTF8*$!
{
	archiveVersion = 1;
	classes = {
	};
	objectVersion = 46;
	objects = {

/* Begin PBXBuildFile section */
		411CEF191DD650D400A7C4A0 /* main.m in Sources */ = {isa = PBXBuildFile; fileRef = 411CEF181DD650D400A7C4A0 /* main.m */; };
		411CEF1C1DD650D400A7C4A0 /* AppDelegate.m in Sources */ = {isa = PBXBuildFile; fileRef = 411CEF1B1DD650D400A7C4A0 /* AppDelegate.m */; };
		411CEF1F1DD650D400A7C4A0 /* ViewController.m in Sources */ = {isa = PBXBuildFile; fileRef = 411CEF1E1DD650D400A7C4A0 /* ViewController.m */; };
		411CEF221DD650D400A7C4A0 /* Main.storyboard in Resources */ = {isa = PBXBuildFile; fileRef = 411CEF201DD650D400A7C4A0 /* Main.storyboard */; };
		411CEF241DD650D400A7C4A0 /* Assets.xcassets in Resources */ = {isa = PBXBuildFile; fileRef = 411CEF231DD650D400A7C4A0 /* Assets.xcassets */; };
		411CEF271DD650D400A7C4A0 /* LaunchScreen.storyboard in Resources */ = {isa = PBXBuildFile; fileRef = 411CEF251DD650D400A7C4A0 /* LaunchScreen.storyboard */; };
		411CEF321DD650D400A7C4A0 /* TipCalculatorTests.m in Sources */ = {isa = PBXBuildFile; fileRef = 411CEF311DD650D400A7C4A0 /* TipCalculatorTests.m */; };
		411CEF3D1DD650D400A7C4A0 /* TipCalculatorUITests.m in Sources */ = {isa = PBXBuildFile; fileRef = 411CEF3C1DD650D400A7C4A0 /* TipCalculatorUITests.m */; };
		411CEF4C1DD6602000A7C4A0 /* TipCalculator.m in Sources */ = {isa = PBXBuildFile; fileRef = 411CEF4B1DD6602000A7C4A0 /* TipCalculator.m */; };
/* End PBXBuildFile section */

/* Begin PBXContainerItemProxy section */
		411CEF2E1DD650D400A7C4A0 /* PBXContainerItemProxy */ = {
			isa = PBXContainerItemProxy;
			containerPortal = 411CEF0C1DD650D400A7C4A0 /* Project object */;
			proxyType = 1;
			remoteGlobalIDString = 411CEF131DD650D400A7C4A0;
			remoteInfo = TipCalculator;
		};
		411CEF391DD650D400A7C4A0 /* PBXContainerItemProxy */ = {
			isa = PBXContainerItemProxy;
			containerPortal = 411CEF0C1DD650D400A7C4A0 /* Project object */;
			proxyType = 1;
			remoteGlobalIDString = 411CEF131DD650D400A7C4A0;
			remoteInfo = TipCalculator;
		};
/* End PBXContainerItemProxy section */

/* Begin PBXFileReference section */
		411CEF141DD650D400A7C4A0 /* TipCalculator.app */ = {isa = PBXFileReference; explicitFileType = wrapper.application; includeInIndex = 0; path = TipCalculator.app; sourceTree = BUILT_PRODUCTS_DIR; };
		411CEF181DD650D400A7C4A0 /* main.m */ = {isa = PBXFileReference; lastKnownFileType = sourcecode.c.objc; path = main.m; sourceTree = "<group>"; };
		411CEF1A1DD650D400A7C4A0 /* AppDelegate.h */ = {isa = PBXFileReference; lastKnownFileType = sourcecode.c.h; path = AppDelegate.h; sourceTree = "<group>"; };
		411CEF1B1DD650D400A7C4A0 /* AppDelegate.m */ = {isa = PBXFileReference; lastKnownFileType = sourcecode.c.objc; path = AppDelegate.m; sourceTree = "<group>"; };
		411CEF1D1DD650D400A7C4A0 /* ViewController.h */ = {isa = PBXFileReference; lastKnownFileType = sourcecode.c.h; path = ViewController.h; sourceTree = "<group>"; };
		411CEF1E1DD650D400A7C4A0 /* ViewController.m */ = {isa = PBXFileReference; lastKnownFileType = sourcecode.c.objc; path = ViewController.m; sourceTree = "<group>"; };
		411CEF211DD650D400A7C4A0 /* Base */ = {isa = PBXFileReference; lastKnownFileType = file.storyboard; name = Base; path = Base.lproj/Main.storyboard; sourceTree = "<group>"; };
		411CEF231DD650D400A7C4A0 /* Assets.xcassets */ = {isa = PBXFileReference; lastKnownFileType = folder.assetcatalog; path = Assets.xcassets; sourceTree = "<group>"; };
		411CEF261DD650D400A7C4A0 /* Base */ = {isa = PBXFileReference; lastKnownFileType = file.storyboard; name = Base; path = Base.lproj/LaunchScreen.storyboard; sourceTree = "<group>"; };
		411CEF281DD650D400A7C4A0 /* Info.plist */ = {isa = PBXFileReference; lastKnownFileType = text.plist.xml; path = Info.plist; sourceTree = "<group>"; };
		411CEF2D1DD650D400A7C4A0 /* TipCalculatorTests.xctest */ = {isa = PBXFileReference; explicitFileType = wrapper.cfbundle; includeInIndex = 0; path = TipCalculatorTests.xctest; sourceTree = BUILT_PRODUCTS_DIR; };
		411CEF311DD650D400A7C4A0 /* TipCalculatorTests.m */ = {isa = PBXFileReference; lastKnownFileType = sourcecode.c.objc; path = TipCalculatorTests.m; sourceTree = "<group>"; };
		411CEF331DD650D400A7C4A0 /* Info.plist */ = {isa = PBXFileReference; lastKnownFileType = text.plist.xml; path = Info.plist; sourceTree = "<group>"; };
		411CEF381DD650D400A7C4A0 /* TipCalculatorUITests.xctest */ = {isa = PBXFileReference; explicitFileType = wrapper.cfbundle; includeInIndex = 0; path = TipCalculatorUITests.xctest; sourceTree = BUILT_PRODUCTS_DIR; };
		411CEF3C1DD650D400A7C4A0 /* TipCalculatorUITests.m */ = {isa = PBXFileReference; lastKnownFileType = sourcecode.c.objc; path = TipCalculatorUITests.m; sourceTree = "<group>"; };
		411CEF3E1DD650D400A7C4A0 /* Info.plist */ = {isa = PBXFileReference; lastKnownFileType = text.plist.xml; path = Info.plist; sourceTree = "<group>"; };
		411CEF4A1DD6602000A7C4A0 /* TipCalculator.h */ = {isa = PBXFileReference; fileEncoding = 4; lastKnownFileType = sourcecode.c.h; path = TipCalculator.h; sourceTree = "<group>"; };
		411CEF4B1DD6602000A7C4A0 /* TipCalculator.m */ = {isa = PBXFileReference; fileEncoding = 4; lastKnownFileType = sourcecode.c.objc; path = TipCalculator.m; sourceTree = "<group>"; };
/* End PBXFileReference section */

/* Begin PBXFrameworksBuildPhase section */
		411CEF111DD650D400A7C4A0 /* Frameworks */ = {
			isa = PBXFrameworksBuildPhase;
			buildActionMask = 2147483647;
			files = (
			);
			runOnlyForDeploymentPostprocessing = 0;
		};
		411CEF2A1DD650D400A7C4A0 /* Frameworks */ = {
			isa = PBXFrameworksBuildPhase;
			buildActionMask = 2147483647;
			files = (
			);
			runOnlyForDeploymentPostprocessing = 0;
		};
		411CEF351DD650D400A7C4A0 /* Frameworks */ = {
			isa = PBXFrameworksBuildPhase;
			buildActionMask = 2147483647;
			files = (
			);
			runOnlyForDeploymentPostprocessing = 0;
		};
/* End PBXFrameworksBuildPhase section */

/* Begin PBXGroup section */
		411CEF0B1DD650D400A7C4A0 = {
			isa = PBXGroup;
			children = (
				411CEF4A1DD6602000A7C4A0 /* TipCalculator.h */,
				411CEF4B1DD6602000A7C4A0 /* TipCalculator.m */,
				411CEF161DD650D400A7C4A0 /* TipCalculator */,
				411CEF301DD650D400A7C4A0 /* TipCalculatorTests */,
				411CEF3B1DD650D400A7C4A0 /* TipCalculatorUITests */,
				411CEF151DD650D400A7C4A0 /* Products */,
			);
			sourceTree = "<group>";
		};
		411CEF151DD650D400A7C4A0 /* Products */ = {
			isa = PBXGroup;
			children = (
				411CEF141DD650D400A7C4A0 /* TipCalculator.app */,
				411CEF2D1DD650D400A7C4A0 /* TipCalculatorTests.xctest */,
				411CEF381DD650D400A7C4A0 /* TipCalculatorUITests.xctest */,
			);
			name = Products;
			sourceTree = "<group>";
		};
		411CEF161DD650D400A7C4A0 /* TipCalculator */ = {
			isa = PBXGroup;
			children = (
				411CEF1A1DD650D400A7C4A0 /* AppDelegate.h */,
				411CEF1B1DD650D400A7C4A0 /* AppDelegate.m */,
				411CEF1D1DD650D400A7C4A0 /* ViewController.h */,
				411CEF1E1DD650D400A7C4A0 /* ViewController.m */,
				411CEF201DD650D400A7C4A0 /* Main.storyboard */,
				411CEF231DD650D400A7C4A0 /* Assets.xcassets */,
				411CEF251DD650D400A7C4A0 /* LaunchScreen.storyboard */,
				411CEF281DD650D400A7C4A0 /* Info.plist */,
				411CEF171DD650D400A7C4A0 /* Supporting Files */,
			);
			path = TipCalculator;
			sourceTree = "<group>";
		};
		411CEF171DD650D400A7C4A0 /* Supporting Files */ = {
			isa = PBXGroup;
			children = (
				411CEF181DD650D400A7C4A0 /* main.m */,
			);
			name = "Supporting Files";
			sourceTree = "<group>";
		};
		411CEF301DD650D400A7C4A0 /* TipCalculatorTests */ = {
			isa = PBXGroup;
			children = (
				411CEF311DD650D400A7C4A0 /* TipCalculatorTests.m */,
				411CEF331DD650D400A7C4A0 /* Info.plist */,
			);
			path = TipCalculatorTests;
			sourceTree = "<group>";
		};
		411CEF3B1DD650D400A7C4A0 /* TipCalculatorUITests */ = {
			isa = PBXGroup;
			children = (
				411CEF3C1DD650D400A7C4A0 /* TipCalculatorUITests.m */,
				411CEF3E1DD650D400A7C4A0 /* Info.plist */,
			);
			path = TipCalculatorUITests;
			sourceTree = "<group>";
		};
/* End PBXGroup section */

/* Begin PBXNativeTarget section */
		411CEF131DD650D400A7C4A0 /* TipCalculator */ = {
			isa = PBXNativeTarget;
			buildConfigurationList = 411CEF411DD650D400A7C4A0 /* Build configuration list for PBXNativeTarget "TipCalculator" */;
			buildPhases = (
				411CEF101DD650D400A7C4A0 /* Sources */,
				411CEF111DD650D400A7C4A0 /* Frameworks */,
				411CEF121DD650D400A7C4A0 /* Resources */,
			);
			buildRules = (
			);
			dependencies = (
			);
			name = TipCalculator;
			productName = TipCalculator;
			productReference = 411CEF141DD650D400A7C4A0 /* TipCalculator.app */;
			productType = "com.apple.product-type.application";
		};
		411CEF2C1DD650D400A7C4A0 /* TipCalculatorTests */ = {
			isa = PBXNativeTarget;
			buildConfigurationList = 411CEF441DD650D400A7C4A0 /* Build configuration list for PBXNativeTarget "TipCalculatorTests" */;
			buildPhases = (
				411CEF291DD650D400A7C4A0 /* Sources */,
				411CEF2A1DD650D400A7C4A0 /* Frameworks */,
				411CEF2B1DD650D400A7C4A0 /* Resources */,
			);
			buildRules = (
			);
			dependencies = (
				411CEF2F1DD650D400A7C4A0 /* PBXTargetDependency */,
			);
			name = TipCalculatorTests;
			productName = TipCalculatorTests;
			productReference = 411CEF2D1DD650D400A7C4A0 /* TipCalculatorTests.xctest */;
			productType = "com.apple.product-type.bundle.unit-test";
		};
		411CEF371DD650D400A7C4A0 /* TipCalculatorUITests */ = {
			isa = PBXNativeTarget;
			buildConfigurationList = 411CEF471DD650D400A7C4A0 /* Build configuration list for PBXNativeTarget "TipCalculatorUITests" */;
			buildPhases = (
				411CEF341DD650D400A7C4A0 /* Sources */,
				411CEF351DD650D400A7C4A0 /* Frameworks */,
				411CEF361DD650D400A7C4A0 /* Resources */,
			);
			buildRules = (
			);
			dependencies = (
				411CEF3A1DD650D400A7C4A0 /* PBXTargetDependency */,
			);
			name = TipCalculatorUITests;
			productName = TipCalculatorUITests;
			productReference = 411CEF381DD650D400A7C4A0 /* TipCalculatorUITests.xctest */;
			productType = "com.apple.product-type.bundle.ui-testing";
		};
/* End PBXNativeTarget section */

/* Begin PBXProject section */
		411CEF0C1DD650D400A7C4A0 /* Project object */ = {
			isa = PBXProject;
			attributes = {
				LastUpgradeCheck = 0810;
				ORGANIZATIONNAME = "Ali Dahesh";
				TargetAttributes = {
					411CEF131DD650D400A7C4A0 = {
						CreatedOnToolsVersion = 8.1;
						ProvisioningStyle = Automatic;
					};
					411CEF2C1DD650D400A7C4A0 = {
						CreatedOnToolsVersion = 8.1;
						ProvisioningStyle = Automatic;
						TestTargetID = 411CEF131DD650D400A7C4A0;
					};
					411CEF371DD650D400A7C4A0 = {
						CreatedOnToolsVersion = 8.1;
						ProvisioningStyle = Automatic;
						TestTargetID = 411CEF131DD650D400A7C4A0;
					};
				};
			};
			buildConfigurationList = 411CEF0F1DD650D400A7C4A0 /* Build configuration list for PBXProject "TipCalculator" */;
			compatibilityVersion = "Xcode 3.2";
			developmentRegion = English;
			hasScannedForEncodings = 0;
			knownRegions = (
				en,
				Base,
			);
			mainGroup = 411CEF0B1DD650D400A7C4A0;
			productRefGroup = 411CEF151DD650D400A7C4A0 /* Products */;
			projectDirPath = "";
			projectRoot = "";
			targets = (
				411CEF131DD650D400A7C4A0 /* TipCalculator */,
				411CEF2C1DD650D400A7C4A0 /* TipCalculatorTests */,
				411CEF371DD650D400A7C4A0 /* TipCalculatorUITests */,
			);
		};
/* End PBXProject section */

/* Begin PBXResourcesBuildPhase section */
		411CEF121DD650D400A7C4A0 /* Resources */ = {
			isa = PBXResourcesBuildPhase;
			buildActionMask = 2147483647;
			files = (
				411CEF271DD650D400A7C4A0 /* LaunchScreen.storyboard in Resources */,
				411CEF241DD650D400A7C4A0 /* Assets.xcassets in Resources */,
				411CEF221DD650D400A7C4A0 /* Main.storyboard in Resources */,
			);
			runOnlyForDeploymentPostprocessing = 0;
		};
		411CEF2B1DD650D400A7C4A0 /* Resources */ = {
			isa = PBXResourcesBuildPhase;
			buildActionMask = 2147483647;
			files = (
			);
			runOnlyForDeploymentPostprocessing = 0;
		};
		411CEF361DD650D400A7C4A0 /* Resources */ = {
			isa = PBXResourcesBuildPhase;
			buildActionMask = 2147483647;
			files = (
			);
			runOnlyForDeploymentPostprocessing = 0;
		};
/* End PBXResourcesBuildPhase section */

/* Begin PBXSourcesBuildPhase section */
		411CEF101DD650D400A7C4A0 /* Sources */ = {
			isa = PBXSourcesBuildPhase;
			buildActionMask = 2147483647;
			files = (
				411CEF1F1DD650D400A7C4A0 /* ViewController.m in Sources */,
				411CEF4C1DD6602000A7C4A0 /* TipCalculator.m in Sources */,
				411CEF1C1DD650D400A7C4A0 /* AppDelegate.m in Sources */,
				411CEF191DD650D400A7C4A0 /* main.m in Sources */,
			);
			runOnlyForDeploymentPostprocessing = 0;
		};
		411CEF291DD650D400A7C4A0 /* Sources */ = {
			isa = PBXSourcesBuildPhase;
			buildActionMask = 2147483647;
			files = (
				411CEF321DD650D400A7C4A0 /* TipCalculatorTests.m in Sources */,
			);
			runOnlyForDeploymentPostprocessing = 0;
		};
		411CEF341DD650D400A7C4A0 /* Sources */ = {
			isa = PBXSourcesBuildPhase;
			buildActionMask = 2147483647;
			files = (
				411CEF3D1DD650D400A7C4A0 /* TipCalculatorUITests.m in Sources */,
			);
			runOnlyForDeploymentPostprocessing = 0;
		};
/* End PBXSourcesBuildPhase section */

/* Begin PBXTargetDependency section */
		411CEF2F1DD650D400A7C4A0 /* PBXTargetDependency */ = {
			isa = PBXTargetDependency;
			target = 411CEF131DD650D400A7C4A0 /* TipCalculator */;
			targetProxy = 411CEF2E1DD650D400A7C4A0 /* PBXContainerItemProxy */;
		};
		411CEF3A1DD650D400A7C4A0 /* PBXTargetDependency */ = {
			isa = PBXTargetDependency;
			target = 411CEF131DD650D400A7C4A0 /* TipCalculator */;
			targetProxy = 411CEF391DD650D400A7C4A0 /* PBXContainerItemProxy */;
		};
/* End PBXTargetDependency section */

/* Begin PBXVariantGroup section */
		411CEF201DD650D400A7C4A0 /* Main.storyboard */ = {
			isa = PBXVariantGroup;
			children = (
				411CEF211DD650D400A7C4A0 /* Base */,
			);
			name = Main.storyboard;
			sourceTree = "<group>";
		};
		411CEF251DD650D400A7C4A0 /* LaunchScreen.storyboard */ = {
			isa = PBXVariantGroup;
			children = (
				411CEF261DD650D400A7C4A0 /* Base */,
			);
			name = LaunchScreen.storyboard;
			sourceTree = "<group>";
		};
/* End PBXVariantGroup section */

/* Begin XCBuildConfiguration section */
		411CEF3F1DD650D400A7C4A0 /* Debug */ = {
			isa = XCBuildConfiguration;
			buildSettings = {
				ALWAYS_SEARCH_USER_PATHS = NO;
				CLANG_ANALYZER_NONNULL = YES;
				CLANG_CXX_LANGUAGE_STANDARD = "gnu++0x";
				CLANG_CXX_LIBRARY = "libc++";
				CLANG_ENABLE_MODULES = YES;
				CLANG_ENABLE_OBJC_ARC = YES;
				CLANG_WARN_BOOL_CONVERSION = YES;
				CLANG_WARN_CONSTANT_CONVERSION = YES;
				CLANG_WARN_DIRECT_OBJC_ISA_USAGE = YES_ERROR;
				CLANG_WARN_DOCUMENTATION_COMMENTS = YES;
				CLANG_WARN_EMPTY_BODY = YES;
				CLANG_WARN_ENUM_CONVERSION = YES;
				CLANG_WARN_INFINITE_RECURSION = YES;
				CLANG_WARN_INT_CONVERSION = YES;
				CLANG_WARN_OBJC_ROOT_CLASS = YES_ERROR;
				CLANG_WARN_SUSPICIOUS_MOVES = YES;
				CLANG_WARN_UNREACHABLE_CODE = YES;
				CLANG_WARN__DUPLICATE_METHOD_MATCH = YES;
				"CODE_SIGN_IDENTITY[sdk=iphoneos*]" = "iPhone Developer";
				COPY_PHASE_STRIP = NO;
				DEBUG_INFORMATION_FORMAT = dwarf;
				ENABLE_STRICT_OBJC_MSGSEND = YES;
				ENABLE_TESTABILITY = YES;
				GCC_C_LANGUAGE_STANDARD = gnu99;
				GCC_DYNAMIC_NO_PIC = NO;
				GCC_NO_COMMON_BLOCKS = YES;
				GCC_OPTIMIZATION_LEVEL = 0;
				GCC_PREPROCESSOR_DEFINITIONS = (
					"DEBUG=1",
					"$(inherited)",
				);
				GCC_WARN_64_TO_32_BIT_CONVERSION = YES;
				GCC_WARN_ABOUT_RETURN_TYPE = YES_ERROR;
				GCC_WARN_UNDECLARED_SELECTOR = YES;
				GCC_WARN_UNINITIALIZED_AUTOS = YES_AGGRESSIVE;
				GCC_WARN_UNUSED_FUNCTION = YES;
				GCC_WARN_UNUSED_VARIABLE = YES;
				IPHONEOS_DEPLOYMENT_TARGET = 10.1;
				MTL_ENABLE_DEBUG_INFO = YES;
				ONLY_ACTIVE_ARCH = YES;
				SDKROOT = iphoneos;
			};
			name = Debug;
		};
		411CEF401DD650D400A7C4A0 /* Release */ = {
			isa = XCBuildConfiguration;
			buildSettings = {
				ALWAYS_SEARCH_USER_PATHS = NO;
				CLANG_ANALYZER_NONNULL = YES;
				CLANG_CXX_LANGUAGE_STANDARD = "gnu++0x";
				CLANG_CXX_LIBRARY = "libc++";
				CLANG_ENABLE_MODULES = YES;
				CLANG_ENABLE_OBJC_ARC = YES;
				CLANG_WARN_BOOL_CONVERSION = YES;
				CLANG_WARN_CONSTANT_CONVERSION = YES;
				CLANG_WARN_DIRECT_OBJC_ISA_USAGE = YES_ERROR;
				CLANG_WARN_DOCUMENTATION_COMMENTS = YES;
				CLANG_WARN_EMPTY_BODY = YES;
				CLANG_WARN_ENUM_CONVERSION = YES;
				CLANG_WARN_INFINITE_RECURSION = YES;
				CLANG_WARN_INT_CONVERSION = YES;
				CLANG_WARN_OBJC_ROOT_CLASS = YES_ERROR;
				CLANG_WARN_SUSPICIOUS_MOVES = YES;
				CLANG_WARN_UNREACHABLE_CODE = YES;
				CLANG_WARN__DUPLICATE_METHOD_MATCH = YES;
				"CODE_SIGN_IDENTITY[sdk=iphoneos*]" = "iPhone Developer";
				COPY_PHASE_STRIP = NO;
				DEBUG_INFORMATION_FORMAT = "dwarf-with-dsym";
				ENABLE_NS_ASSERTIONS = NO;
				ENABLE_STRICT_OBJC_MSGSEND = YES;
				GCC_C_LANGUAGE_STANDARD = gnu99;
				GCC_NO_COMMON_BLOCKS = YES;
				GCC_WARN_64_TO_32_BIT_CONVERSION = YES;
				GCC_WARN_ABOUT_RETURN_TYPE = YES_ERROR;
				GCC_WARN_UNDECLARED_SELECTOR = YES;
				GCC_WARN_UNINITIALIZED_AUTOS = YES_AGGRESSIVE;
				GCC_WARN_UNUSED_FUNCTION = YES;
				GCC_WARN_UNUSED_VARIABLE = YES;
				IPHONEOS_DEPLOYMENT_TARGET = 10.1;
				MTL_ENABLE_DEBUG_INFO = NO;
				SDKROOT = iphoneos;
				VALIDATE_PRODUCT = YES;
			};
			name = Release;
		};
		411CEF421DD650D400A7C4A0 /* Debug */ = {
			isa = XCBuildConfiguration;
			buildSettings = {
				ASSETCATALOG_COMPILER_APPICON_NAME = AppIcon;
				INFOPLIST_FILE = TipCalculator/Info.plist;
				LD_RUNPATH_SEARCH_PATHS = "$(inherited) @executable_path/Frameworks";
				PRODUCT_BUNDLE_IDENTIFIER = Ali.TipCalculator;
				PRODUCT_NAME = "$(TARGET_NAME)";
			};
			name = Debug;
		};
		411CEF431DD650D400A7C4A0 /* Release */ = {
			isa = XCBuildConfiguration;
			buildSettings = {
				ASSETCATALOG_COMPILER_APPICON_NAME = AppIcon;
				INFOPLIST_FILE = TipCalculator/Info.plist;
				LD_RUNPATH_SEARCH_PATHS = "$(inherited) @executable_path/Frameworks";
				PRODUCT_BUNDLE_IDENTIFIER = Ali.TipCalculator;
				PRODUCT_NAME = "$(TARGET_NAME)";
			};
			name = Release;
		};
		411CEF451DD650D400A7C4A0 /* Debug */ = {
			isa = XCBuildConfiguration;
			buildSettings = {
				BUNDLE_LOADER = "$(TEST_HOST)";
				INFOPLIST_FILE = TipCalculatorTests/Info.plist;
				LD_RUNPATH_SEARCH_PATHS = "$(inherited) @executable_path/Frameworks @loader_path/Frameworks";
				PRODUCT_BUNDLE_IDENTIFIER = Ali.TipCalculatorTests;
				PRODUCT_NAME = "$(TARGET_NAME)";
				TEST_HOST = "$(BUILT_PRODUCTS_DIR)/TipCalculator.app/TipCalculator";
			};
			name = Debug;
		};
		411CEF461DD650D400A7C4A0 /* Release */ = {
			isa = XCBuildConfiguration;
			buildSettings = {
				BUNDLE_LOADER = "$(TEST_HOST)";
				INFOPLIST_FILE = TipCalculatorTests/Info.plist;
				LD_RUNPATH_SEARCH_PATHS = "$(inherited) @executable_path/Frameworks @loader_path/Frameworks";
				PRODUCT_BUNDLE_IDENTIFIER = Ali.TipCalculatorTests;
				PRODUCT_NAME = "$(TARGET_NAME)";
				TEST_HOST = "$(BUILT_PRODUCTS_DIR)/TipCalculator.app/TipCalculator";
			};
			name = Release;
		};
		411CEF481DD650D400A7C4A0 /* Debug */ = {
			isa = XCBuildConfiguration;
			buildSettings = {
				INFOPLIST_FILE = TipCalculatorUITests/Info.plist;
				LD_RUNPATH_SEARCH_PATHS = "$(inherited) @executable_path/Frameworks @loader_path/Frameworks";
				PRODUCT_BUNDLE_IDENTIFIER = Ali.TipCalculatorUITests;
				PRODUCT_NAME = "$(TARGET_NAME)";
				TEST_TARGET_NAME = TipCalculator;
			};
			name = Debug;
		};
		411CEF491DD650D400A7C4A0 /* Release */ = {
			isa = XCBuildConfiguration;
			buildSettings = {
				INFOPLIST_FILE = TipCalculatorUITests/Info.plist;
				LD_RUNPATH_SEARCH_PATHS = "$(inherited) @executable_path/Frameworks @loader_path/Frameworks";
				PRODUCT_BUNDLE_IDENTIFIER = Ali.TipCalculatorUITests;
				PRODUCT_NAME = "$(TARGET_NAME)";
				TEST_TARGET_NAME = TipCalculator;
			};
			name = Release;
		};
/* End XCBuildConfiguration section */

/* Begin XCConfigurationList section */
		411CEF0F1DD650D400A7C4A0 /* Build configuration list for PBXProject "TipCalculator" */ = {
			isa = XCConfigurationList;
			buildConfigurations = (
				411CEF3F1DD650D400A7C4A0 /* Debug */,
				411CEF401DD650D400A7C4A0 /* Release */,
			);
			defaultConfigurationIsVisible = 0;
			defaultConfigurationName = Release;
		};
		411CEF411DD650D400A7C4A0 /* Build configuration list for PBXNativeTarget "TipCalculator" */ = {
			isa = XCConfigurationList;
			buildConfigurations = (
				411CEF421DD650D400A7C4A0 /* Debug */,
				411CEF431DD650D400A7C4A0 /* Release */,
			);
			defaultConfigurationIsVisible = 0;
		};
		411CEF441DD650D400A7C4A0 /* Build configuration list for PBXNativeTarget "TipCalculatorTests" */ = {
			isa = XCConfigurationList;
			buildConfigurations = (
				411CEF451DD650D400A7C4A0 /* Debug */,
				411CEF461DD650D400A7C4A0 /* Release */,
			);
			defaultConfigurationIsVisible = 0;
		};
		411CEF471DD650D400A7C4A0 /* Build configuration list for PBXNativeTarget "TipCalculatorUITests" */ = {
			isa = XCConfigurationList;
			buildConfigurations = (
				411CEF481DD650D400A7C4A0 /* Debug */,
				411CEF491DD650D400A7C4A0 /* Release */,
			);
			defaultConfigurationIsVisible = 0;
		};
/* End XCConfigurationList section */
	};
	rootObject = 411CEF0C1DD650D400A7C4A0 /* Project object */;
}
